// !$*UTF8*$!
{
	archiveVersion = 1;
	classes = {
	};
	objectVersion = 46;
	objects = {

/* Begin PBXBuildFile section */
		43E44EE31E65A74E00F9F699 /* AppDelegate.swift in Sources */ = {isa = PBXBuildFile; fileRef = 43E44EE21E65A74E00F9F699 /* AppDelegate.swift */; };
		43E44EE51E65A74E00F9F699 /* MainVC.swift in Sources */ = {isa = PBXBuildFile; fileRef = 43E44EE41E65A74E00F9F699 /* MainVC.swift */; };
		43E44EE81E65A74E00F9F699 /* Main.storyboard in Resources */ = {isa = PBXBuildFile; fileRef = 43E44EE61E65A74E00F9F699 /* Main.storyboard */; };
		43E44EEB1E65A74E00F9F699 /* DreamLister.xcdatamodeld in Sources */ = {isa = PBXBuildFile; fileRef = 43E44EE91E65A74E00F9F699 /* DreamLister.xcdatamodeld */; };
		43E44EED1E65A74E00F9F699 /* Assets.xcassets in Resources */ = {isa = PBXBuildFile; fileRef = 43E44EEC1E65A74E00F9F699 /* Assets.xcassets */; };
		43E44EF01E65A74E00F9F699 /* LaunchScreen.storyboard in Resources */ = {isa = PBXBuildFile; fileRef = 43E44EEE1E65A74E00F9F699 /* LaunchScreen.storyboard */; };
		43E44EFF1E65AC6800F9F699 /* Image+CoreDataClass.swift in Sources */ = {isa = PBXBuildFile; fileRef = 43E44EF71E65AC6800F9F699 /* Image+CoreDataClass.swift */; };
		43E44F001E65AC6800F9F699 /* Image+CoreDataProperties.swift in Sources */ = {isa = PBXBuildFile; fileRef = 43E44EF81E65AC6800F9F699 /* Image+CoreDataProperties.swift */; };
		43E44F011E65AC6800F9F699 /* Store+CoreDataClass.swift in Sources */ = {isa = PBXBuildFile; fileRef = 43E44EF91E65AC6800F9F699 /* Store+CoreDataClass.swift */; };
		43E44F021E65AC6800F9F699 /* Store+CoreDataProperties.swift in Sources */ = {isa = PBXBuildFile; fileRef = 43E44EFA1E65AC6800F9F699 /* Store+CoreDataProperties.swift */; };
		43E44F031E65AC6800F9F699 /* Item+CoreDataClass.swift in Sources */ = {isa = PBXBuildFile; fileRef = 43E44EFB1E65AC6800F9F699 /* Item+CoreDataClass.swift */; };
		43E44F041E65AC6800F9F699 /* Item+CoreDataProperties.swift in Sources */ = {isa = PBXBuildFile; fileRef = 43E44EFC1E65AC6800F9F699 /* Item+CoreDataProperties.swift */; };
		43E44F051E65AC6800F9F699 /* ItemType+CoreDataClass.swift in Sources */ = {isa = PBXBuildFile; fileRef = 43E44EFD1E65AC6800F9F699 /* ItemType+CoreDataClass.swift */; };
		43E44F061E65AC6800F9F699 /* ItemType+CoreDataProperties.swift in Sources */ = {isa = PBXBuildFile; fileRef = 43E44EFE1E65AC6800F9F699 /* ItemType+CoreDataProperties.swift */; };
		43E44F0C1E65B37700F9F699 /* MaterialView.swift in Sources */ = {isa = PBXBuildFile; fileRef = 43E44F0B1E65B37700F9F699 /* MaterialView.swift */; };
/* End PBXBuildFile section */

/* Begin PBXFileReference section */
		43E44EDF1E65A74E00F9F699 /* DreamLister.app */ = {isa = PBXFileReference; explicitFileType = wrapper.application; includeInIndex = 0; path = DreamLister.app; sourceTree = BUILT_PRODUCTS_DIR; };
		43E44EE21E65A74E00F9F699 /* AppDelegate.swift */ = {isa = PBXFileReference; lastKnownFileType = sourcecode.swift; path = AppDelegate.swift; sourceTree = "<group>"; };
		43E44EE41E65A74E00F9F699 /* MainVC.swift */ = {isa = PBXFileReference; lastKnownFileType = sourcecode.swift; path = MainVC.swift; sourceTree = "<group>"; };
		43E44EE71E65A74E00F9F699 /* Base */ = {isa = PBXFileReference; lastKnownFileType = file.storyboard; name = Base; path = Base.lproj/Main.storyboard; sourceTree = "<group>"; };
		43E44EEA1E65A74E00F9F699 /* DreamLister.xcdatamodel */ = {isa = PBXFileReference; lastKnownFileType = wrapper.xcdatamodel; path = DreamLister.xcdatamodel; sourceTree = "<group>"; };
		43E44EEC1E65A74E00F9F699 /* Assets.xcassets */ = {isa = PBXFileReference; lastKnownFileType = folder.assetcatalog; path = Assets.xcassets; sourceTree = "<group>"; };
		43E44EEF1E65A74E00F9F699 /* Base */ = {isa = PBXFileReference; lastKnownFileType = file.storyboard; name = Base; path = Base.lproj/LaunchScreen.storyboard; sourceTree = "<group>"; };
		43E44EF11E65A74E00F9F699 /* Info.plist */ = {isa = PBXFileReference; lastKnownFileType = text.plist.xml; path = Info.plist; sourceTree = "<group>"; };
		43E44EF71E65AC6800F9F699 /* Image+CoreDataClass.swift */ = {isa = PBXFileReference; fileEncoding = 4; lastKnownFileType = sourcecode.swift; path = "Image+CoreDataClass.swift"; sourceTree = "<group>"; };
		43E44EF81E65AC6800F9F699 /* Image+CoreDataProperties.swift */ = {isa = PBXFileReference; fileEncoding = 4; lastKnownFileType = sourcecode.swift; path = "Image+CoreDataProperties.swift"; sourceTree = "<group>"; };
		43E44EF91E65AC6800F9F699 /* Store+CoreDataClass.swift */ = {isa = PBXFileReference; fileEncoding = 4; lastKnownFileType = sourcecode.swift; path = "Store+CoreDataClass.swift"; sourceTree = "<group>"; };
		43E44EFA1E65AC6800F9F699 /* Store+CoreDataProperties.swift */ = {isa = PBXFileReference; fileEncoding = 4; lastKnownFileType = sourcecode.swift; path = "Store+CoreDataProperties.swift"; sourceTree = "<group>"; };
		43E44EFB1E65AC6800F9F699 /* Item+CoreDataClass.swift */ = {isa = PBXFileReference; fileEncoding = 4; lastKnownFileType = sourcecode.swift; path = "Item+CoreDataClass.swift"; sourceTree = "<group>"; };
		43E44EFC1E65AC6800F9F699 /* Item+CoreDataProperties.swift */ = {isa = PBXFileReference; fileEncoding = 4; lastKnownFileType = sourcecode.swift; path = "Item+CoreDataProperties.swift"; sourceTree = "<group>"; };
		43E44EFD1E65AC6800F9F699 /* ItemType+CoreDataClass.swift */ = {isa = PBXFileReference; fileEncoding = 4; lastKnownFileType = sourcecode.swift; path = "ItemType+CoreDataClass.swift"; sourceTree = "<group>"; };
		43E44EFE1E65AC6800F9F699 /* ItemType+CoreDataProperties.swift */ = {isa = PBXFileReference; fileEncoding = 4; lastKnownFileType = sourcecode.swift; path = "ItemType+CoreDataProperties.swift"; sourceTree = "<group>"; };
		43E44F0B1E65B37700F9F699 /* MaterialView.swift */ = {isa = PBXFileReference; fileEncoding = 4; lastKnownFileType = sourcecode.swift; path = MaterialView.swift; sourceTree = "<group>"; };
/* End PBXFileReference section */

/* Begin PBXFrameworksBuildPhase section */
		43E44EDC1E65A74E00F9F699 /* Frameworks */ = {
			isa = PBXFrameworksBuildPhase;
			buildActionMask = 2147483647;
			files = (
			);
			runOnlyForDeploymentPostprocessing = 0;
		};
/* End PBXFrameworksBuildPhase section */

/* Begin PBXGroup section */
		43E44ED61E65A74E00F9F699 = {
			isa = PBXGroup;
			children = (
				43E44EE11E65A74E00F9F699 /* DreamLister */,
				43E44EE01E65A74E00F9F699 /* Products */,
			);
			sourceTree = "<group>";
		};
		43E44EE01E65A74E00F9F699 /* Products */ = {
			isa = PBXGroup;
			children = (
				43E44EDF1E65A74E00F9F699 /* DreamLister.app */,
			);
			name = Products;
			sourceTree = "<group>";
		};
		43E44EE11E65A74E00F9F699 /* DreamLister */ = {
			isa = PBXGroup;
			children = (
				43E44F0A1E65B35B00F9F699 /* View */,
				43E44F081E65AC9700F9F699 /* Model */,
				43E44EE21E65A74E00F9F699 /* AppDelegate.swift */,
				43E44EE41E65A74E00F9F699 /* MainVC.swift */,
				43E44EE61E65A74E00F9F699 /* Main.storyboard */,
				43E44EEC1E65A74E00F9F699 /* Assets.xcassets */,
				43E44EEE1E65A74E00F9F699 /* LaunchScreen.storyboard */,
				43E44EF11E65A74E00F9F699 /* Info.plist */,
				43E44EE91E65A74E00F9F699 /* DreamLister.xcdatamodeld */,
			);
			path = DreamLister;
			sourceTree = "<group>";
		};
		43E44F081E65AC9700F9F699 /* Model */ = {
			isa = PBXGroup;
			children = (
				43E44EF71E65AC6800F9F699 /* Image+CoreDataClass.swift */,
				43E44EF91E65AC6800F9F699 /* Store+CoreDataClass.swift */,
				43E44EFB1E65AC6800F9F699 /* Item+CoreDataClass.swift */,
				43E44EFD1E65AC6800F9F699 /* ItemType+CoreDataClass.swift */,
				43E44F091E65ACA300F9F699 /* Generated */,
			);
			name = Model;
			sourceTree = "<group>";
		};
		43E44F091E65ACA300F9F699 /* Generated */ = {
			isa = PBXGroup;
			children = (
				43E44EF81E65AC6800F9F699 /* Image+CoreDataProperties.swift */,
				43E44EFA1E65AC6800F9F699 /* Store+CoreDataProperties.swift */,
				43E44EFC1E65AC6800F9F699 /* Item+CoreDataProperties.swift */,
				43E44EFE1E65AC6800F9F699 /* ItemType+CoreDataProperties.swift */,
			);
			name = Generated;
			sourceTree = "<group>";
		};
		43E44F0A1E65B35B00F9F699 /* View */ = {
			isa = PBXGroup;
			children = (
				43E44F0B1E65B37700F9F699 /* MaterialView.swift */,
			);
			name = View;
			sourceTree = "<group>";
		};
/* End PBXGroup section */

/* Begin PBXNativeTarget section */
		43E44EDE1E65A74E00F9F699 /* DreamLister */ = {
			isa = PBXNativeTarget;
			buildConfigurationList = 43E44EF41E65A74E00F9F699 /* Build configuration list for PBXNativeTarget "DreamLister" */;
			buildPhases = (
				43E44EDB1E65A74E00F9F699 /* Sources */,
				43E44EDC1E65A74E00F9F699 /* Frameworks */,
				43E44EDD1E65A74E00F9F699 /* Resources */,
			);
			buildRules = (
			);
			dependencies = (
			);
			name = DreamLister;
			productName = DreamLister;
			productReference = 43E44EDF1E65A74E00F9F699 /* DreamLister.app */;
			productType = "com.apple.product-type.application";
		};
/* End PBXNativeTarget section */

/* Begin PBXProject section */
		43E44ED71E65A74E00F9F699 /* Project object */ = {
			isa = PBXProject;
			attributes = {
				LastSwiftUpdateCheck = 0820;
				LastUpgradeCheck = 0820;
				ORGANIZATIONNAME = "Justin Ward";
				TargetAttributes = {
					43E44EDE1E65A74E00F9F699 = {
						CreatedOnToolsVersion = 8.2.1;
						DevelopmentTeam = WLHQBX3U53;
						ProvisioningStyle = Automatic;
					};
				};
			};
			buildConfigurationList = 43E44EDA1E65A74E00F9F699 /* Build configuration list for PBXProject "DreamLister" */;
			compatibilityVersion = "Xcode 3.2";
			developmentRegion = English;
			hasScannedForEncodings = 0;
			knownRegions = (
				en,
				Base,
			);
			mainGroup = 43E44ED61E65A74E00F9F699;
			productRefGroup = 43E44EE01E65A74E00F9F699 /* Products */;
			projectDirPath = "";
			projectRoot = "";
			targets = (
				43E44EDE1E65A74E00F9F699 /* DreamLister */,
			);
		};
/* End PBXProject section */

/* Begin PBXResourcesBuildPhase section */
		43E44EDD1E65A74E00F9F699 /* Resources */ = {
			isa = PBXResourcesBuildPhase;
			buildActionMask = 2147483647;
			files = (
				43E44EF01E65A74E00F9F699 /* LaunchScreen.storyboard in Resources */,
				43E44EED1E65A74E00F9F699 /* Assets.xcassets in Resources */,
				43E44EE81E65A74E00F9F699 /* Main.storyboard in Resources */,
			);
			runOnlyForDeploymentPostprocessing = 0;
		};
/* End PBXResourcesBuildPhase section */

/* Begin PBXSourcesBuildPhase section */
		43E44EDB1E65A74E00F9F699 /* Sources */ = {
			isa = PBXSourcesBuildPhase;
			buildActionMask = 2147483647;
			files = (
				43E44EE51E65A74E00F9F699 /* MainVC.swift in Sources */,
				43E44F011E65AC6800F9F699 /* Store+CoreDataClass.swift in Sources */,
				43E44F051E65AC6800F9F699 /* ItemType+CoreDataClass.swift in Sources */,
				43E44F0C1E65B37700F9F699 /* MaterialView.swift in Sources */,
				43E44F001E65AC6800F9F699 /* Image+CoreDataProperties.swift in Sources */,
				43E44EE31E65A74E00F9F699 /* AppDelegate.swift in Sources */,
				43E44F021E65AC6800F9F699 /* Store+CoreDataProperties.swift in Sources */,
				43E44EEB1E65A74E00F9F699 /* DreamLister.xcdatamodeld in Sources */,
				43E44F061E65AC6800F9F699 /* ItemType+CoreDataProperties.swift in Sources */,
				43E44F041E65AC6800F9F699 /* Item+CoreDataProperties.swift in Sources */,
				43E44F031E65AC6800F9F699 /* Item+CoreDataClass.swift in Sources */,
				43E44EFF1E65AC6800F9F699 /* Image+CoreDataClass.swift in Sources */,
			);
			runOnlyForDeploymentPostprocessing = 0;
		};
/* End PBXSourcesBuildPhase section */

/* Begin PBXVariantGroup section */
		43E44EE61E65A74E00F9F699 /* Main.storyboard */ = {
			isa = PBXVariantGroup;
			children = (
				43E44EE71E65A74E00F9F699 /* Base */,
			);
			name = Main.storyboard;
			sourceTree = "<group>";
		};
		43E44EEE1E65A74E00F9F699 /* LaunchScreen.storyboard */ = {
			isa = PBXVariantGroup;
			children = (
				43E44EEF1E65A74E00F9F699 /* Base */,
			);
			name = LaunchScreen.storyboard;
			sourceTree = "<group>";
		};
/* End PBXVariantGroup section */

/* Begin XCBuildConfiguration section */
		43E44EF21E65A74E00F9F699 /* Debug */ = {
			isa = XCBuildConfiguration;
			buildSettings = {
				ALWAYS_SEARCH_USER_PATHS = NO;
				CLANG_ANALYZER_NONNULL = YES;
				CLANG_CXX_LANGUAGE_STANDARD = "gnu++0x";
				CLANG_CXX_LIBRARY = "libc++";
				CLANG_ENABLE_MODULES = YES;
				CLANG_ENABLE_OBJC_ARC = YES;
				CLANG_WARN_BOOL_CONVERSION = YES;
				CLANG_WARN_CONSTANT_CONVERSION = YES;
				CLANG_WARN_DIRECT_OBJC_ISA_USAGE = YES_ERROR;
				CLANG_WARN_DOCUMENTATION_COMMENTS = YES;
				CLANG_WARN_EMPTY_BODY = YES;
				CLANG_WARN_ENUM_CONVERSION = YES;
				CLANG_WARN_INFINITE_RECURSION = YES;
				CLANG_WARN_INT_CONVERSION = YES;
				CLANG_WARN_OBJC_ROOT_CLASS = YES_ERROR;
				CLANG_WARN_SUSPICIOUS_MOVE = YES;
				CLANG_WARN_UNREACHABLE_CODE = YES;
				CLANG_WARN__DUPLICATE_METHOD_MATCH = YES;
				"CODE_SIGN_IDENTITY[sdk=iphoneos*]" = "iPhone Developer";
				COPY_PHASE_STRIP = NO;
				DEBUG_INFORMATION_FORMAT = dwarf;
				ENABLE_STRICT_OBJC_MSGSEND = YES;
				ENABLE_TESTABILITY = YES;
				GCC_C_LANGUAGE_STANDARD = gnu99;
				GCC_DYNAMIC_NO_PIC = NO;
				GCC_NO_COMMON_BLOCKS = YES;
				GCC_OPTIMIZATION_LEVEL = 0;
				GCC_PREPROCESSOR_DEFINITIONS = (
					"DEBUG=1",
					"$(inherited)",
				);
				GCC_WARN_64_TO_32_BIT_CONVERSION = YES;
				GCC_WARN_ABOUT_RETURN_TYPE = YES_ERROR;
				GCC_WARN_UNDECLARED_SELECTOR = YES;
				GCC_WARN_UNINITIALIZED_AUTOS = YES_AGGRESSIVE;
				GCC_WARN_UNUSED_FUNCTION = YES;
				GCC_WARN_UNUSED_VARIABLE = YES;
				IPHONEOS_DEPLOYMENT_TARGET = 10.2;
				MTL_ENABLE_DEBUG_INFO = YES;
				ONLY_ACTIVE_ARCH = YES;
				SDKROOT = iphoneos;
				SWIFT_ACTIVE_COMPILATION_CONDITIONS = DEBUG;
				SWIFT_OPTIMIZATION_LEVEL = "-Onone";
				TARGETED_DEVICE_FAMILY = "1,2";
			};
			name = Debug;
		};
		43E44EF31E65A74E00F9F699 /* Release */ = {
			isa = XCBuildConfiguration;
			buildSettings = {
				ALWAYS_SEARCH_USER_PATHS = NO;
				CLANG_ANALYZER_NONNULL = YES;
				CLANG_CXX_LANGUAGE_STANDARD = "gnu++0x";
				CLANG_CXX_LIBRARY = "libc++";
				CLANG_ENABLE_MODULES = YES;
				CLANG_ENABLE_OBJC_ARC = YES;
				CLANG_WARN_BOOL_CONVERSION = YES;
				CLANG_WARN_CONSTANT_CONVERSION = YES;
				CLANG_WARN_DIRECT_OBJC_ISA_USAGE = YES_ERROR;
				CLANG_WARN_DOCUMENTATION_COMMENTS = YES;
				CLANG_WARN_EMPTY_BODY = YES;
				CLANG_WARN_ENUM_CONVERSION = YES;
				CLANG_WARN_INFINITE_RECURSION = YES;
				CLANG_WARN_INT_CONVERSION = YES;
				CLANG_WARN_OBJC_ROOT_CLASS = YES_ERROR;
				CLANG_WARN_SUSPICIOUS_MOVE = YES;
				CLANG_WARN_UNREACHABLE_CODE = YES;
				CLANG_WARN__DUPLICATE_METHOD_MATCH = YES;
				"CODE_SIGN_IDENTITY[sdk=iphoneos*]" = "iPhone Developer";
				COPY_PHASE_STRIP = NO;
				DEBUG_INFORMATION_FORMAT = "dwarf-with-dsym";
				ENABLE_NS_ASSERTIONS = NO;
				ENABLE_STRICT_OBJC_MSGSEND = YES;
				GCC_C_LANGUAGE_STANDARD = gnu99;
				GCC_NO_COMMON_BLOCKS = YES;
				GCC_WARN_64_TO_32_BIT_CONVERSION = YES;
				GCC_WARN_ABOUT_RETURN_TYPE = YES_ERROR;
				GCC_WARN_UNDECLARED_SELECTOR = YES;
				GCC_WARN_UNINITIALIZED_AUTOS = YES_AGGRESSIVE;
				GCC_WARN_UNUSED_FUNCTION = YES;
				GCC_WARN_UNUSED_VARIABLE = YES;
				IPHONEOS_DEPLOYMENT_TARGET = 10.2;
				MTL_ENABLE_DEBUG_INFO = NO;
				SDKROOT = iphoneos;
				SWIFT_OPTIMIZATION_LEVEL = "-Owholemodule";
				TARGETED_DEVICE_FAMILY = "1,2";
				VALIDATE_PRODUCT = YES;
			};
			name = Release;
		};
		43E44EF51E65A74E00F9F699 /* Debug */ = {
			isa = XCBuildConfiguration;
			buildSettings = {
				ASSETCATALOG_COMPILER_APPICON_NAME = AppIcon;
				DEVELOPMENT_TEAM = WLHQBX3U53;
				INFOPLIST_FILE = DreamLister/Info.plist;
				LD_RUNPATH_SEARCH_PATHS = "$(inherited) @executable_path/Frameworks";
				PRODUCT_BUNDLE_IDENTIFIER = ninja.quietlike.DreamLister;
				PRODUCT_NAME = "$(TARGET_NAME)";
				SWIFT_VERSION = 3.0;
			};
			name = Debug;
		};
		43E44EF61E65A74E00F9F699 /* Release */ = {
			isa = XCBuildConfiguration;
			buildSettings = {
				ASSETCATALOG_COMPILER_APPICON_NAME = AppIcon;
				DEVELOPMENT_TEAM = WLHQBX3U53;
				INFOPLIST_FILE = DreamLister/Info.plist;
				LD_RUNPATH_SEARCH_PATHS = "$(inherited) @executable_path/Frameworks";
				PRODUCT_BUNDLE_IDENTIFIER = ninja.quietlike.DreamLister;
				PRODUCT_NAME = "$(TARGET_NAME)";
				SWIFT_VERSION = 3.0;
			};
			name = Release;
		};
/* End XCBuildConfiguration section */

/* Begin XCConfigurationList section */
		43E44EDA1E65A74E00F9F699 /* Build configuration list for PBXProject "DreamLister" */ = {
			isa = XCConfigurationList;
			buildConfigurations = (
				43E44EF21E65A74E00F9F699 /* Debug */,
				43E44EF31E65A74E00F9F699 /* Release */,
			);
			defaultConfigurationIsVisible = 0;
			defaultConfigurationName = Release;
		};
		43E44EF41E65A74E00F9F699 /* Build configuration list for PBXNativeTarget "DreamLister" */ = {
			isa = XCConfigurationList;
			buildConfigurations = (
				43E44EF51E65A74E00F9F699 /* Debug */,
				43E44EF61E65A74E00F9F699 /* Release */,
			);
			defaultConfigurationIsVisible = 0;
		};
/* End XCConfigurationList section */

/* Begin XCVersionGroup section */
		43E44EE91E65A74E00F9F699 /* DreamLister.xcdatamodeld */ = {
			isa = XCVersionGroup;
			children = (
				43E44EEA1E65A74E00F9F699 /* DreamLister.xcdatamodel */,
			);
			currentVersion = 43E44EEA1E65A74E00F9F699 /* DreamLister.xcdatamodel */;
			path = DreamLister.xcdatamodeld;
			sourceTree = "<group>";
			versionGroupType = wrapper.xcdatamodel;
		};
/* End XCVersionGroup section */
	};
	rootObject = 43E44ED71E65A74E00F9F699 /* Project object */;
}
